version: v2
locks:
  f/demo_provisioner/check_expired_environments: 0006bedde885039e0cf3dce87ba41487dac09220d8f64d84def6c10e996bad91
  f/demo_provisioner/cleanup_container: 345f8eee6f420f75c26f7cb08f7f3be52c58ecd2c275c087dbd6fd867264fee8
  f/demo_provisioner/cleanup_expired.flow+__flow_hash: 0fc9e5a047c2ea0cd16ac2548be7084df1b800f315b05f33d551b21c8761a075
  f/demo_provisioner/cleanup_expired.flow+get_expired_environments.inline_script.py: cffed99db98fe881bc79245605d0e4adca018b6bc270311c259aebc7168c35e5
  f/demo_provisioner/cleanup_expired.flow+get_expired.inline_script.py: cffed99db98fe881bc79245605d0e4adca018b6bc270311c259aebc7168c35e5
  f/demo_provisioner/cleanup_expired.flow+summary.inline_script.ts: 1802a48144a502b0a724e01df504039ccecd50f00acc91657745ee0feb4e9146
  f/demo_provisioner/get_app_state: 7568c889937482fe03578ef80bd9ae9ecab30491d185723f87c5a537b55f3a36
  f/demo_provisioner/insert_environment: 3ecbf5b42ad250075f17ecd6df56776da48cdf19684b8cadcd366212cabe72ed
  f/demo_provisioner/list_environments: 9edf4e48742f1923c4040857c6e043a50655d263a3ba4155e1ca236b6a5c6151
  f/demo_provisioner/provision_demo.flow+__flow_hash: 953552e29b27dedb891df51ca1a6139e7870d02a18a010015665f898dbca7702
  f/demo_provisioner/provision_demo.flow+request_approval.inline_script.ts: 9562014d26d337c7626efca8e069b933b9c3f99a6978624d2a26293cc7434f40
  f/demo_provisioner/provision_demo.flow+return_final_result.inline_script.ts: 62df0f595986f0d5964a16a2203760a8878ac7c91a5ab85d92078d87583b6203
  f/demo_provisioner/provision_demo.flow+validate_the_request.inline_script.ts: 583a6ba326cff7a88c8accae436a4e03e26ac639d2a2c01c95d50533755b58ba
  f/demo_provisioner/provision_environment: a640b2e0a3a2a49f473af9f7fcf645d6eef0d3a9bdd00712e0e578ad4c13685e
  f/demo_provisioner/set_app_state: 7908d30701b32e4677852b6e0382b568d37a590ed0d7dee80fdefc4278147f33
  f/demo_provisioner/teardown_environment: 5394a5f64a921c6d8f191f879bad3e81171ef26a91008ae7f18e17d0ea056997
  f/demo_provisioner/update_environment: 00de30cedaa6fdf8d07e04cbce941ca3e953542cb61eb0c8bcd70a8dd45e6ae2
